// !$*UTF8*$!
{
	archiveVersion = 1;
	classes = {
	};
	objectVersion = 48;
	objects = {

/* Begin PBXBuildFile section */
		9C8A82A509DC0A4F51F072E7 /* Pods_cryptism.framework in Frameworks */ = {isa = PBXBuildFile; fileRef = A751C15C0719C1A28D577465 /* Pods_cryptism.framework */; };
		B2F7F32118F0EF3555335060 /* Pods_cryptismTests.framework in Frameworks */ = {isa = PBXBuildFile; fileRef = B7C950BB06C857AD9567B8D5 /* Pods_cryptismTests.framework */; };
		BA735274575FCA6AB424D1B1 /* Pods_cryptismUITests.framework in Frameworks */ = {isa = PBXBuildFile; fileRef = E89EC23E1D4E6DA27B96F88F /* Pods_cryptismUITests.framework */; };
		F6E1D9892057B64800AD5D5A /* AppDelegate.swift in Sources */ = {isa = PBXBuildFile; fileRef = F6E1D9882057B64800AD5D5A /* AppDelegate.swift */; };
		F6E1D98C2057B64800AD5D5A /* cryptism.xcdatamodeld in Sources */ = {isa = PBXBuildFile; fileRef = F6E1D98A2057B64800AD5D5A /* cryptism.xcdatamodeld */; };
		F6E1D98E2057B64800AD5D5A /* MasterViewController.swift in Sources */ = {isa = PBXBuildFile; fileRef = F6E1D98D2057B64800AD5D5A /* MasterViewController.swift */; };
		F6E1D9902057B64800AD5D5A /* DetailViewController.swift in Sources */ = {isa = PBXBuildFile; fileRef = F6E1D98F2057B64800AD5D5A /* DetailViewController.swift */; };
		F6E1D9932057B64800AD5D5A /* Main.storyboard in Resources */ = {isa = PBXBuildFile; fileRef = F6E1D9912057B64800AD5D5A /* Main.storyboard */; };
		F6E1D9952057B64800AD5D5A /* Assets.xcassets in Resources */ = {isa = PBXBuildFile; fileRef = F6E1D9942057B64800AD5D5A /* Assets.xcassets */; };
		F6E1D9982057B64800AD5D5A /* LaunchScreen.storyboard in Resources */ = {isa = PBXBuildFile; fileRef = F6E1D9962057B64800AD5D5A /* LaunchScreen.storyboard */; };
		F6E1D9A32057B64800AD5D5A /* cryptismTests.swift in Sources */ = {isa = PBXBuildFile; fileRef = F6E1D9A22057B64800AD5D5A /* cryptismTests.swift */; };
		F6E1D9AE2057B64800AD5D5A /* cryptismUITests.swift in Sources */ = {isa = PBXBuildFile; fileRef = F6E1D9AD2057B64800AD5D5A /* cryptismUITests.swift */; };
/* End PBXBuildFile section */

/* Begin PBXContainerItemProxy section */
		F6E1D99F2057B64800AD5D5A /* PBXContainerItemProxy */ = {
			isa = PBXContainerItemProxy;
			containerPortal = F6E1D97D2057B64700AD5D5A /* Project object */;
			proxyType = 1;
			remoteGlobalIDString = F6E1D9842057B64700AD5D5A;
			remoteInfo = cryptism;
		};
		F6E1D9AA2057B64800AD5D5A /* PBXContainerItemProxy */ = {
			isa = PBXContainerItemProxy;
			containerPortal = F6E1D97D2057B64700AD5D5A /* Project object */;
			proxyType = 1;
			remoteGlobalIDString = F6E1D9842057B64700AD5D5A;
			remoteInfo = cryptism;
		};
/* End PBXContainerItemProxy section */

/* Begin PBXFileReference section */
		45DFE7F40288416B47B3E291 /* Pods-cryptismUITests.release.xcconfig */ = {isa = PBXFileReference; includeInIndex = 1; lastKnownFileType = text.xcconfig; name = "Pods-cryptismUITests.release.xcconfig"; path = "Pods/Target Support Files/Pods-cryptismUITests/Pods-cryptismUITests.release.xcconfig"; sourceTree = "<group>"; };
		60F4A72A773F96E3D38109DF /* Pods-cryptismUITests.debug.xcconfig */ = {isa = PBXFileReference; includeInIndex = 1; lastKnownFileType = text.xcconfig; name = "Pods-cryptismUITests.debug.xcconfig"; path = "Pods/Target Support Files/Pods-cryptismUITests/Pods-cryptismUITests.debug.xcconfig"; sourceTree = "<group>"; };
		68FB98EAD0E22AD8AED6194B /* Pods-cryptism.release.xcconfig */ = {isa = PBXFileReference; includeInIndex = 1; lastKnownFileType = text.xcconfig; name = "Pods-cryptism.release.xcconfig"; path = "Pods/Target Support Files/Pods-cryptism/Pods-cryptism.release.xcconfig"; sourceTree = "<group>"; };
		6D01E53BF70897FB6112B42D /* Pods-cryptismTests.release.xcconfig */ = {isa = PBXFileReference; includeInIndex = 1; lastKnownFileType = text.xcconfig; name = "Pods-cryptismTests.release.xcconfig"; path = "Pods/Target Support Files/Pods-cryptismTests/Pods-cryptismTests.release.xcconfig"; sourceTree = "<group>"; };
		A751C15C0719C1A28D577465 /* Pods_cryptism.framework */ = {isa = PBXFileReference; explicitFileType = wrapper.framework; includeInIndex = 0; path = Pods_cryptism.framework; sourceTree = BUILT_PRODUCTS_DIR; };
		B7C950BB06C857AD9567B8D5 /* Pods_cryptismTests.framework */ = {isa = PBXFileReference; explicitFileType = wrapper.framework; includeInIndex = 0; path = Pods_cryptismTests.framework; sourceTree = BUILT_PRODUCTS_DIR; };
		BDA6AF918DAF9D5F4922AAA3 /* Pods-cryptismTests.debug.xcconfig */ = {isa = PBXFileReference; includeInIndex = 1; lastKnownFileType = text.xcconfig; name = "Pods-cryptismTests.debug.xcconfig"; path = "Pods/Target Support Files/Pods-cryptismTests/Pods-cryptismTests.debug.xcconfig"; sourceTree = "<group>"; };
		E2942933BA950B88F5511688 /* Pods-cryptism.debug.xcconfig */ = {isa = PBXFileReference; includeInIndex = 1; lastKnownFileType = text.xcconfig; name = "Pods-cryptism.debug.xcconfig"; path = "Pods/Target Support Files/Pods-cryptism/Pods-cryptism.debug.xcconfig"; sourceTree = "<group>"; };
		E89EC23E1D4E6DA27B96F88F /* Pods_cryptismUITests.framework */ = {isa = PBXFileReference; explicitFileType = wrapper.framework; includeInIndex = 0; path = Pods_cryptismUITests.framework; sourceTree = BUILT_PRODUCTS_DIR; };
		F6E1D9852057B64800AD5D5A /* cryptism.app */ = {isa = PBXFileReference; explicitFileType = wrapper.application; includeInIndex = 0; path = cryptism.app; sourceTree = BUILT_PRODUCTS_DIR; };
		F6E1D9882057B64800AD5D5A /* AppDelegate.swift */ = {isa = PBXFileReference; lastKnownFileType = sourcecode.swift; path = AppDelegate.swift; sourceTree = "<group>"; };
		F6E1D98B2057B64800AD5D5A /* cryptism.xcdatamodel */ = {isa = PBXFileReference; lastKnownFileType = wrapper.xcdatamodel; path = cryptism.xcdatamodel; sourceTree = "<group>"; };
		F6E1D98D2057B64800AD5D5A /* MasterViewController.swift */ = {isa = PBXFileReference; lastKnownFileType = sourcecode.swift; path = MasterViewController.swift; sourceTree = "<group>"; };
		F6E1D98F2057B64800AD5D5A /* DetailViewController.swift */ = {isa = PBXFileReference; lastKnownFileType = sourcecode.swift; path = DetailViewController.swift; sourceTree = "<group>"; };
		F6E1D9922057B64800AD5D5A /* Base */ = {isa = PBXFileReference; lastKnownFileType = file.storyboard; name = Base; path = Base.lproj/Main.storyboard; sourceTree = "<group>"; };
		F6E1D9942057B64800AD5D5A /* Assets.xcassets */ = {isa = PBXFileReference; lastKnownFileType = folder.assetcatalog; path = Assets.xcassets; sourceTree = "<group>"; };
		F6E1D9972057B64800AD5D5A /* Base */ = {isa = PBXFileReference; lastKnownFileType = file.storyboard; name = Base; path = Base.lproj/LaunchScreen.storyboard; sourceTree = "<group>"; };
		F6E1D9992057B64800AD5D5A /* Info.plist */ = {isa = PBXFileReference; lastKnownFileType = text.plist.xml; path = Info.plist; sourceTree = "<group>"; };
		F6E1D99E2057B64800AD5D5A /* cryptismTests.xctest */ = {isa = PBXFileReference; explicitFileType = wrapper.cfbundle; includeInIndex = 0; path = cryptismTests.xctest; sourceTree = BUILT_PRODUCTS_DIR; };
		F6E1D9A22057B64800AD5D5A /* cryptismTests.swift */ = {isa = PBXFileReference; lastKnownFileType = sourcecode.swift; path = cryptismTests.swift; sourceTree = "<group>"; };
		F6E1D9A42057B64800AD5D5A /* Info.plist */ = {isa = PBXFileReference; lastKnownFileType = text.plist.xml; path = Info.plist; sourceTree = "<group>"; };
		F6E1D9A92057B64800AD5D5A /* cryptismUITests.xctest */ = {isa = PBXFileReference; explicitFileType = wrapper.cfbundle; includeInIndex = 0; path = cryptismUITests.xctest; sourceTree = BUILT_PRODUCTS_DIR; };
		F6E1D9AD2057B64800AD5D5A /* cryptismUITests.swift */ = {isa = PBXFileReference; lastKnownFileType = sourcecode.swift; path = cryptismUITests.swift; sourceTree = "<group>"; };
		F6E1D9AF2057B64800AD5D5A /* Info.plist */ = {isa = PBXFileReference; lastKnownFileType = text.plist.xml; path = Info.plist; sourceTree = "<group>"; };
/* End PBXFileReference section */

/* Begin PBXFrameworksBuildPhase section */
		F6E1D9822057B64700AD5D5A /* Frameworks */ = {
			isa = PBXFrameworksBuildPhase;
			buildActionMask = 2147483647;
			files = (
				9C8A82A509DC0A4F51F072E7 /* Pods_cryptism.framework in Frameworks */,
			);
			runOnlyForDeploymentPostprocessing = 0;
		};
		F6E1D99B2057B64800AD5D5A /* Frameworks */ = {
			isa = PBXFrameworksBuildPhase;
			buildActionMask = 2147483647;
			files = (
				B2F7F32118F0EF3555335060 /* Pods_cryptismTests.framework in Frameworks */,
			);
			runOnlyForDeploymentPostprocessing = 0;
		};
		F6E1D9A62057B64800AD5D5A /* Frameworks */ = {
			isa = PBXFrameworksBuildPhase;
			buildActionMask = 2147483647;
			files = (
				BA735274575FCA6AB424D1B1 /* Pods_cryptismUITests.framework in Frameworks */,
			);
			runOnlyForDeploymentPostprocessing = 0;
		};
/* End PBXFrameworksBuildPhase section */

/* Begin PBXGroup section */
		19B4B8BCC81B39906D100DBC /* Frameworks */ = {
			isa = PBXGroup;
			children = (
				A751C15C0719C1A28D577465 /* Pods_cryptism.framework */,
				B7C950BB06C857AD9567B8D5 /* Pods_cryptismTests.framework */,
				E89EC23E1D4E6DA27B96F88F /* Pods_cryptismUITests.framework */,
			);
			name = Frameworks;
			sourceTree = "<group>";
		};
		47316284AF12A43F993DB1D9 /* Pods */ = {
			isa = PBXGroup;
			children = (
				E2942933BA950B88F5511688 /* Pods-cryptism.debug.xcconfig */,
				68FB98EAD0E22AD8AED6194B /* Pods-cryptism.release.xcconfig */,
				BDA6AF918DAF9D5F4922AAA3 /* Pods-cryptismTests.debug.xcconfig */,
				6D01E53BF70897FB6112B42D /* Pods-cryptismTests.release.xcconfig */,
				60F4A72A773F96E3D38109DF /* Pods-cryptismUITests.debug.xcconfig */,
				45DFE7F40288416B47B3E291 /* Pods-cryptismUITests.release.xcconfig */,
			);
			name = Pods;
			sourceTree = "<group>";
		};
		F6E1D97C2057B64700AD5D5A = {
			isa = PBXGroup;
			children = (
				F6E1D9872057B64800AD5D5A /* cryptism */,
				F6E1D9A12057B64800AD5D5A /* cryptismTests */,
				F6E1D9AC2057B64800AD5D5A /* cryptismUITests */,
				F6E1D9862057B64800AD5D5A /* Products */,
				47316284AF12A43F993DB1D9 /* Pods */,
				19B4B8BCC81B39906D100DBC /* Frameworks */,
			);
			sourceTree = "<group>";
		};
		F6E1D9862057B64800AD5D5A /* Products */ = {
			isa = PBXGroup;
			children = (
				F6E1D9852057B64800AD5D5A /* cryptism.app */,
				F6E1D99E2057B64800AD5D5A /* cryptismTests.xctest */,
				F6E1D9A92057B64800AD5D5A /* cryptismUITests.xctest */,
			);
			name = Products;
			sourceTree = "<group>";
		};
		F6E1D9872057B64800AD5D5A /* cryptism */ = {
			isa = PBXGroup;
			children = (
				F6E1D9882057B64800AD5D5A /* AppDelegate.swift */,
				F6E1D98D2057B64800AD5D5A /* MasterViewController.swift */,
				F6E1D98F2057B64800AD5D5A /* DetailViewController.swift */,
				F6E1D9912057B64800AD5D5A /* Main.storyboard */,
				F6E1D9942057B64800AD5D5A /* Assets.xcassets */,
				F6E1D9962057B64800AD5D5A /* LaunchScreen.storyboard */,
				F6E1D9992057B64800AD5D5A /* Info.plist */,
				F6E1D98A2057B64800AD5D5A /* cryptism.xcdatamodeld */,
			);
			path = cryptism;
			sourceTree = "<group>";
		};
		F6E1D9A12057B64800AD5D5A /* cryptismTests */ = {
			isa = PBXGroup;
			children = (
				F6E1D9A22057B64800AD5D5A /* cryptismTests.swift */,
				F6E1D9A42057B64800AD5D5A /* Info.plist */,
			);
			path = cryptismTests;
			sourceTree = "<group>";
		};
		F6E1D9AC2057B64800AD5D5A /* cryptismUITests */ = {
			isa = PBXGroup;
			children = (
				F6E1D9AD2057B64800AD5D5A /* cryptismUITests.swift */,
				F6E1D9AF2057B64800AD5D5A /* Info.plist */,
			);
			path = cryptismUITests;
			sourceTree = "<group>";
		};
/* End PBXGroup section */

/* Begin PBXNativeTarget section */
		F6E1D9842057B64700AD5D5A /* cryptism */ = {
			isa = PBXNativeTarget;
			buildConfigurationList = F6E1D9B22057B64800AD5D5A /* Build configuration list for PBXNativeTarget "cryptism" */;
			buildPhases = (
				CB21A51BF67B96744B11815A /* [CP] Check Pods Manifest.lock */,
				F6E1D9812057B64700AD5D5A /* Sources */,
				F6E1D9822057B64700AD5D5A /* Frameworks */,
				F6E1D9832057B64700AD5D5A /* Resources */,
				B9EA1B8118B218D9BB7A063B /* [CP] Embed Pods Frameworks */,
				10524D7737CE7C9FD62E3322 /* [CP] Copy Pods Resources */,
			);
			buildRules = (
			);
			dependencies = (
			);
			name = cryptism;
			productName = cryptism;
			productReference = F6E1D9852057B64800AD5D5A /* cryptism.app */;
			productType = "com.apple.product-type.application";
		};
		F6E1D99D2057B64800AD5D5A /* cryptismTests */ = {
			isa = PBXNativeTarget;
			buildConfigurationList = F6E1D9B52057B64800AD5D5A /* Build configuration list for PBXNativeTarget "cryptismTests" */;
			buildPhases = (
				4E57C34BEAC1630A2A689564 /* [CP] Check Pods Manifest.lock */,
				F6E1D99A2057B64800AD5D5A /* Sources */,
				F6E1D99B2057B64800AD5D5A /* Frameworks */,
				F6E1D99C2057B64800AD5D5A /* Resources */,
				FE885376EF444F13B8890E9D /* [CP] Embed Pods Frameworks */,
				12FD472DE17E1E21F88DBAF0 /* [CP] Copy Pods Resources */,
			);
			buildRules = (
			);
			dependencies = (
				F6E1D9A02057B64800AD5D5A /* PBXTargetDependency */,
			);
			name = cryptismTests;
			productName = cryptismTests;
			productReference = F6E1D99E2057B64800AD5D5A /* cryptismTests.xctest */;
			productType = "com.apple.product-type.bundle.unit-test";
		};
		F6E1D9A82057B64800AD5D5A /* cryptismUITests */ = {
			isa = PBXNativeTarget;
			buildConfigurationList = F6E1D9B82057B64800AD5D5A /* Build configuration list for PBXNativeTarget "cryptismUITests" */;
			buildPhases = (
				9F9A1B802707350CC0633A83 /* [CP] Check Pods Manifest.lock */,
				F6E1D9A52057B64800AD5D5A /* Sources */,
				F6E1D9A62057B64800AD5D5A /* Frameworks */,
				F6E1D9A72057B64800AD5D5A /* Resources */,
				A0C7011197CBA30B94B5CAB4 /* [CP] Embed Pods Frameworks */,
				243BD617D7BF8B1BC2F5DB7C /* [CP] Copy Pods Resources */,
			);
			buildRules = (
			);
			dependencies = (
				F6E1D9AB2057B64800AD5D5A /* PBXTargetDependency */,
			);
			name = cryptismUITests;
			productName = cryptismUITests;
			productReference = F6E1D9A92057B64800AD5D5A /* cryptismUITests.xctest */;
			productType = "com.apple.product-type.bundle.ui-testing";
		};
/* End PBXNativeTarget section */

/* Begin PBXProject section */
		F6E1D97D2057B64700AD5D5A /* Project object */ = {
			isa = PBXProject;
			attributes = {
				LastSwiftUpdateCheck = 0920;
				LastUpgradeCheck = 0920;
				ORGANIZATIONNAME = Swiftline;
				TargetAttributes = {
					F6E1D9842057B64700AD5D5A = {
						CreatedOnToolsVersion = 9.2;
						ProvisioningStyle = Automatic;
					};
					F6E1D99D2057B64800AD5D5A = {
						CreatedOnToolsVersion = 9.2;
						ProvisioningStyle = Automatic;
						TestTargetID = F6E1D9842057B64700AD5D5A;
					};
					F6E1D9A82057B64800AD5D5A = {
						CreatedOnToolsVersion = 9.2;
						ProvisioningStyle = Automatic;
						TestTargetID = F6E1D9842057B64700AD5D5A;
					};
				};
			};
			buildConfigurationList = F6E1D9802057B64700AD5D5A /* Build configuration list for PBXProject "cryptism" */;
			compatibilityVersion = "Xcode 8.0";
			developmentRegion = en;
			hasScannedForEncodings = 0;
			knownRegions = (
				en,
				Base,
			);
			mainGroup = F6E1D97C2057B64700AD5D5A;
			productRefGroup = F6E1D9862057B64800AD5D5A /* Products */;
			projectDirPath = "";
			projectRoot = "";
			targets = (
				F6E1D9842057B64700AD5D5A /* cryptism */,
				F6E1D99D2057B64800AD5D5A /* cryptismTests */,
				F6E1D9A82057B64800AD5D5A /* cryptismUITests */,
			);
		};
/* End PBXProject section */

/* Begin PBXResourcesBuildPhase section */
		F6E1D9832057B64700AD5D5A /* Resources */ = {
			isa = PBXResourcesBuildPhase;
			buildActionMask = 2147483647;
			files = (
				F6E1D9982057B64800AD5D5A /* LaunchScreen.storyboard in Resources */,
				F6E1D9952057B64800AD5D5A /* Assets.xcassets in Resources */,
				F6E1D9932057B64800AD5D5A /* Main.storyboard in Resources */,
			);
			runOnlyForDeploymentPostprocessing = 0;
		};
		F6E1D99C2057B64800AD5D5A /* Resources */ = {
			isa = PBXResourcesBuildPhase;
			buildActionMask = 2147483647;
			files = (
			);
			runOnlyForDeploymentPostprocessing = 0;
		};
		F6E1D9A72057B64800AD5D5A /* Resources */ = {
			isa = PBXResourcesBuildPhase;
			buildActionMask = 2147483647;
			files = (
			);
			runOnlyForDeploymentPostprocessing = 0;
		};
/* End PBXResourcesBuildPhase section */

/* Begin PBXShellScriptBuildPhase section */
		10524D7737CE7C9FD62E3322 /* [CP] Copy Pods Resources */ = {
			isa = PBXShellScriptBuildPhase;
			buildActionMask = 2147483647;
			files = (
			);
			inputPaths = (
			);
			name = "[CP] Copy Pods Resources";
			outputPaths = (
			);
			runOnlyForDeploymentPostprocessing = 0;
			shellPath = /bin/sh;
			shellScript = "\"${SRCROOT}/Pods/Target Support Files/Pods-cryptism/Pods-cryptism-resources.sh\"\n";
			showEnvVarsInLog = 0;
		};
		12FD472DE17E1E21F88DBAF0 /* [CP] Copy Pods Resources */ = {
			isa = PBXShellScriptBuildPhase;
			buildActionMask = 2147483647;
			files = (
			);
			inputPaths = (
			);
			name = "[CP] Copy Pods Resources";
			outputPaths = (
			);
			runOnlyForDeploymentPostprocessing = 0;
			shellPath = /bin/sh;
			shellScript = "\"${SRCROOT}/Pods/Target Support Files/Pods-cryptismTests/Pods-cryptismTests-resources.sh\"\n";
			showEnvVarsInLog = 0;
		};
		243BD617D7BF8B1BC2F5DB7C /* [CP] Copy Pods Resources */ = {
			isa = PBXShellScriptBuildPhase;
			buildActionMask = 2147483647;
			files = (
			);
			inputPaths = (
			);
			name = "[CP] Copy Pods Resources";
			outputPaths = (
			);
			runOnlyForDeploymentPostprocessing = 0;
			shellPath = /bin/sh;
			shellScript = "\"${SRCROOT}/Pods/Target Support Files/Pods-cryptismUITests/Pods-cryptismUITests-resources.sh\"\n";
			showEnvVarsInLog = 0;
		};
		4E57C34BEAC1630A2A689564 /* [CP] Check Pods Manifest.lock */ = {
			isa = PBXShellScriptBuildPhase;
			buildActionMask = 2147483647;
			files = (
			);
			inputPaths = (
				"${PODS_PODFILE_DIR_PATH}/Podfile.lock",
				"${PODS_ROOT}/Manifest.lock",
			);
			name = "[CP] Check Pods Manifest.lock";
			outputPaths = (
				"$(DERIVED_FILE_DIR)/Pods-cryptismTests-checkManifestLockResult.txt",
			);
			runOnlyForDeploymentPostprocessing = 0;
			shellPath = /bin/sh;
			shellScript = "diff \"${PODS_PODFILE_DIR_PATH}/Podfile.lock\" \"${PODS_ROOT}/Manifest.lock\" > /dev/null\nif [ $? != 0 ] ; then\n    # print error to STDERR\n    echo \"error: The sandbox is not in sync with the Podfile.lock. Run 'pod install' or update your CocoaPods installation.\" >&2\n    exit 1\nfi\n# This output is used by Xcode 'outputs' to avoid re-running this script phase.\necho \"SUCCESS\" > \"${SCRIPT_OUTPUT_FILE_0}\"\n";
			showEnvVarsInLog = 0;
		};
		9F9A1B802707350CC0633A83 /* [CP] Check Pods Manifest.lock */ = {
			isa = PBXShellScriptBuildPhase;
			buildActionMask = 2147483647;
			files = (
			);
			inputPaths = (
				"${PODS_PODFILE_DIR_PATH}/Podfile.lock",
				"${PODS_ROOT}/Manifest.lock",
			);
			name = "[CP] Check Pods Manifest.lock";
			outputPaths = (
				"$(DERIVED_FILE_DIR)/Pods-cryptismUITests-checkManifestLockResult.txt",
			);
			runOnlyForDeploymentPostprocessing = 0;
			shellPath = /bin/sh;
			shellScript = "diff \"${PODS_PODFILE_DIR_PATH}/Podfile.lock\" \"${PODS_ROOT}/Manifest.lock\" > /dev/null\nif [ $? != 0 ] ; then\n    # print error to STDERR\n    echo \"error: The sandbox is not in sync with the Podfile.lock. Run 'pod install' or update your CocoaPods installation.\" >&2\n    exit 1\nfi\n# This output is used by Xcode 'outputs' to avoid re-running this script phase.\necho \"SUCCESS\" > \"${SCRIPT_OUTPUT_FILE_0}\"\n";
			showEnvVarsInLog = 0;
		};
		A0C7011197CBA30B94B5CAB4 /* [CP] Embed Pods Frameworks */ = {
			isa = PBXShellScriptBuildPhase;
			buildActionMask = 2147483647;
			files = (
			);
			inputPaths = (
			);
			name = "[CP] Embed Pods Frameworks";
			outputPaths = (
			);
			runOnlyForDeploymentPostprocessing = 0;
			shellPath = /bin/sh;
			shellScript = "\"${SRCROOT}/Pods/Target Support Files/Pods-cryptismUITests/Pods-cryptismUITests-frameworks.sh\"\n";
			showEnvVarsInLog = 0;
		};
		B9EA1B8118B218D9BB7A063B /* [CP] Embed Pods Frameworks */ = {
			isa = PBXShellScriptBuildPhase;
			buildActionMask = 2147483647;
			files = (
			);
			inputPaths = (
			);
			name = "[CP] Embed Pods Frameworks";
			outputPaths = (
			);
			runOnlyForDeploymentPostprocessing = 0;
			shellPath = /bin/sh;
			shellScript = "\"${SRCROOT}/Pods/Target Support Files/Pods-cryptism/Pods-cryptism-frameworks.sh\"\n";
			showEnvVarsInLog = 0;
		};
		CB21A51BF67B96744B11815A /* [CP] Check Pods Manifest.lock */ = {
			isa = PBXShellScriptBuildPhase;
			buildActionMask = 2147483647;
			files = (
			);
			inputPaths = (
				"${PODS_PODFILE_DIR_PATH}/Podfile.lock",
				"${PODS_ROOT}/Manifest.lock",
			);
			name = "[CP] Check Pods Manifest.lock";
			outputPaths = (
				"$(DERIVED_FILE_DIR)/Pods-cryptism-checkManifestLockResult.txt",
			);
			runOnlyForDeploymentPostprocessing = 0;
			shellPath = /bin/sh;
			shellScript = "diff \"${PODS_PODFILE_DIR_PATH}/Podfile.lock\" \"${PODS_ROOT}/Manifest.lock\" > /dev/null\nif [ $? != 0 ] ; then\n    # print error to STDERR\n    echo \"error: The sandbox is not in sync with the Podfile.lock. Run 'pod install' or update your CocoaPods installation.\" >&2\n    exit 1\nfi\n# This output is used by Xcode 'outputs' to avoid re-running this script phase.\necho \"SUCCESS\" > \"${SCRIPT_OUTPUT_FILE_0}\"\n";
			showEnvVarsInLog = 0;
		};
		FE885376EF444F13B8890E9D /* [CP] Embed Pods Frameworks */ = {
			isa = PBXShellScriptBuildPhase;
			buildActionMask = 2147483647;
			files = (
			);
			inputPaths = (
			);
			name = "[CP] Embed Pods Frameworks";
			outputPaths = (
			);
			runOnlyForDeploymentPostprocessing = 0;
			shellPath = /bin/sh;
			shellScript = "\"${SRCROOT}/Pods/Target Support Files/Pods-cryptismTests/Pods-cryptismTests-frameworks.sh\"\n";
			showEnvVarsInLog = 0;
		};
/* End PBXShellScriptBuildPhase section */

/* Begin PBXSourcesBuildPhase section */
		F6E1D9812057B64700AD5D5A /* Sources */ = {
			isa = PBXSourcesBuildPhase;
			buildActionMask = 2147483647;
			files = (
				F6E1D98C2057B64800AD5D5A /* cryptism.xcdatamodeld in Sources */,
				F6E1D9892057B64800AD5D5A /* AppDelegate.swift in Sources */,
				F6E1D98E2057B64800AD5D5A /* MasterViewController.swift in Sources */,
				F6E1D9902057B64800AD5D5A /* DetailViewController.swift in Sources */,
			);
			runOnlyForDeploymentPostprocessing = 0;
		};
		F6E1D99A2057B64800AD5D5A /* Sources */ = {
			isa = PBXSourcesBuildPhase;
			buildActionMask = 2147483647;
			files = (
				F6E1D9A32057B64800AD5D5A /* cryptismTests.swift in Sources */,
			);
			runOnlyForDeploymentPostprocessing = 0;
		};
		F6E1D9A52057B64800AD5D5A /* Sources */ = {
			isa = PBXSourcesBuildPhase;
			buildActionMask = 2147483647;
			files = (
				F6E1D9AE2057B64800AD5D5A /* cryptismUITests.swift in Sources */,
			);
			runOnlyForDeploymentPostprocessing = 0;
		};
/* End PBXSourcesBuildPhase section */

/* Begin PBXTargetDependency section */
		F6E1D9A02057B64800AD5D5A /* PBXTargetDependency */ = {
			isa = PBXTargetDependency;
			target = F6E1D9842057B64700AD5D5A /* cryptism */;
			targetProxy = F6E1D99F2057B64800AD5D5A /* PBXContainerItemProxy */;
		};
		F6E1D9AB2057B64800AD5D5A /* PBXTargetDependency */ = {
			isa = PBXTargetDependency;
			target = F6E1D9842057B64700AD5D5A /* cryptism */;
			targetProxy = F6E1D9AA2057B64800AD5D5A /* PBXContainerItemProxy */;
		};
/* End PBXTargetDependency section */

/* Begin PBXVariantGroup section */
		F6E1D9912057B64800AD5D5A /* Main.storyboard */ = {
			isa = PBXVariantGroup;
			children = (
				F6E1D9922057B64800AD5D5A /* Base */,
			);
			name = Main.storyboard;
			sourceTree = "<group>";
		};
		F6E1D9962057B64800AD5D5A /* LaunchScreen.storyboard */ = {
			isa = PBXVariantGroup;
			children = (
				F6E1D9972057B64800AD5D5A /* Base */,
			);
			name = LaunchScreen.storyboard;
			sourceTree = "<group>";
		};
/* End PBXVariantGroup section */

/* Begin XCBuildConfiguration section */
		F6E1D9B02057B64800AD5D5A /* Debug */ = {
			isa = XCBuildConfiguration;
			buildSettings = {
				ALWAYS_SEARCH_USER_PATHS = NO;
				CLANG_ANALYZER_NONNULL = YES;
				CLANG_ANALYZER_NUMBER_OBJECT_CONVERSION = YES_AGGRESSIVE;
				CLANG_CXX_LANGUAGE_STANDARD = "gnu++14";
				CLANG_CXX_LIBRARY = "libc++";
				CLANG_ENABLE_MODULES = YES;
				CLANG_ENABLE_OBJC_ARC = YES;
				CLANG_WARN_BLOCK_CAPTURE_AUTORELEASING = YES;
				CLANG_WARN_BOOL_CONVERSION = YES;
				CLANG_WARN_COMMA = YES;
				CLANG_WARN_CONSTANT_CONVERSION = YES;
				CLANG_WARN_DIRECT_OBJC_ISA_USAGE = YES_ERROR;
				CLANG_WARN_DOCUMENTATION_COMMENTS = YES;
				CLANG_WARN_EMPTY_BODY = YES;
				CLANG_WARN_ENUM_CONVERSION = YES;
				CLANG_WARN_INFINITE_RECURSION = YES;
				CLANG_WARN_INT_CONVERSION = YES;
				CLANG_WARN_NON_LITERAL_NULL_CONVERSION = YES;
				CLANG_WARN_OBJC_LITERAL_CONVERSION = YES;
				CLANG_WARN_OBJC_ROOT_CLASS = YES_ERROR;
				CLANG_WARN_RANGE_LOOP_ANALYSIS = YES;
				CLANG_WARN_STRICT_PROTOTYPES = YES;
				CLANG_WARN_SUSPICIOUS_MOVE = YES;
				CLANG_WARN_UNGUARDED_AVAILABILITY = YES_AGGRESSIVE;
				CLANG_WARN_UNREACHABLE_CODE = YES;
				CLANG_WARN__DUPLICATE_METHOD_MATCH = YES;
				CODE_SIGN_IDENTITY = "iPhone Developer";
				COPY_PHASE_STRIP = NO;
				DEBUG_INFORMATION_FORMAT = dwarf;
				ENABLE_STRICT_OBJC_MSGSEND = YES;
				ENABLE_TESTABILITY = YES;
				GCC_C_LANGUAGE_STANDARD = gnu11;
				GCC_DYNAMIC_NO_PIC = NO;
				GCC_NO_COMMON_BLOCKS = YES;
				GCC_OPTIMIZATION_LEVEL = 0;
				GCC_PREPROCESSOR_DEFINITIONS = (
					"DEBUG=1",
					"$(inherited)",
				);
				GCC_WARN_64_TO_32_BIT_CONVERSION = YES;
				GCC_WARN_ABOUT_RETURN_TYPE = YES_ERROR;
				GCC_WARN_UNDECLARED_SELECTOR = YES;
				GCC_WARN_UNINITIALIZED_AUTOS = YES_AGGRESSIVE;
				GCC_WARN_UNUSED_FUNCTION = YES;
				GCC_WARN_UNUSED_VARIABLE = YES;
				IPHONEOS_DEPLOYMENT_TARGET = 11.2;
				MTL_ENABLE_DEBUG_INFO = YES;
				ONLY_ACTIVE_ARCH = YES;
				SDKROOT = iphoneos;
				SWIFT_ACTIVE_COMPILATION_CONDITIONS = DEBUG;
				SWIFT_OPTIMIZATION_LEVEL = "-Onone";
			};
			name = Debug;
		};
		F6E1D9B12057B64800AD5D5A /* Release */ = {
			isa = XCBuildConfiguration;
			buildSettings = {
				ALWAYS_SEARCH_USER_PATHS = NO;
				CLANG_ANALYZER_NONNULL = YES;
				CLANG_ANALYZER_NUMBER_OBJECT_CONVERSION = YES_AGGRESSIVE;
				CLANG_CXX_LANGUAGE_STANDARD = "gnu++14";
				CLANG_CXX_LIBRARY = "libc++";
				CLANG_ENABLE_MODULES = YES;
				CLANG_ENABLE_OBJC_ARC = YES;
				CLANG_WARN_BLOCK_CAPTURE_AUTORELEASING = YES;
				CLANG_WARN_BOOL_CONVERSION = YES;
				CLANG_WARN_COMMA = YES;
				CLANG_WARN_CONSTANT_CONVERSION = YES;
				CLANG_WARN_DIRECT_OBJC_ISA_USAGE = YES_ERROR;
				CLANG_WARN_DOCUMENTATION_COMMENTS = YES;
				CLANG_WARN_EMPTY_BODY = YES;
				CLANG_WARN_ENUM_CONVERSION = YES;
				CLANG_WARN_INFINITE_RECURSION = YES;
				CLANG_WARN_INT_CONVERSION = YES;
				CLANG_WARN_NON_LITERAL_NULL_CONVERSION = YES;
				CLANG_WARN_OBJC_LITERAL_CONVERSION = YES;
				CLANG_WARN_OBJC_ROOT_CLASS = YES_ERROR;
				CLANG_WARN_RANGE_LOOP_ANALYSIS = YES;
				CLANG_WARN_STRICT_PROTOTYPES = YES;
				CLANG_WARN_SUSPICIOUS_MOVE = YES;
				CLANG_WARN_UNGUARDED_AVAILABILITY = YES_AGGRESSIVE;
				CLANG_WARN_UNREACHABLE_CODE = YES;
				CLANG_WARN__DUPLICATE_METHOD_MATCH = YES;
				CODE_SIGN_IDENTITY = "iPhone Developer";
				COPY_PHASE_STRIP = NO;
				DEBUG_INFORMATION_FORMAT = "dwarf-with-dsym";
				ENABLE_NS_ASSERTIONS = NO;
				ENABLE_STRICT_OBJC_MSGSEND = YES;
				GCC_C_LANGUAGE_STANDARD = gnu11;
				GCC_NO_COMMON_BLOCKS = YES;
				GCC_WARN_64_TO_32_BIT_CONVERSION = YES;
				GCC_WARN_ABOUT_RETURN_TYPE = YES_ERROR;
				GCC_WARN_UNDECLARED_SELECTOR = YES;
				GCC_WARN_UNINITIALIZED_AUTOS = YES_AGGRESSIVE;
				GCC_WARN_UNUSED_FUNCTION = YES;
				GCC_WARN_UNUSED_VARIABLE = YES;
				IPHONEOS_DEPLOYMENT_TARGET = 11.2;
				MTL_ENABLE_DEBUG_INFO = NO;
				SDKROOT = iphoneos;
				SWIFT_OPTIMIZATION_LEVEL = "-Owholemodule";
				VALIDATE_PRODUCT = YES;
			};
			name = Release;
		};
		F6E1D9B32057B64800AD5D5A /* Debug */ = {
			isa = XCBuildConfiguration;
			baseConfigurationReference = E2942933BA950B88F5511688 /* Pods-cryptism.debug.xcconfig */;
			buildSettings = {
				ASSETCATALOG_COMPILER_APPICON_NAME = AppIcon;
				CODE_SIGN_STYLE = Automatic;
				DEVELOPMENT_TEAM = KJXB25M5N5;
				INFOPLIST_FILE = cryptism/Info.plist;
				LD_RUNPATH_SEARCH_PATHS = "$(inherited) @executable_path/Frameworks";
				PRODUCT_BUNDLE_IDENTIFIER = nl.swiftline.cryptism;
				PRODUCT_NAME = "$(TARGET_NAME)";
				SWIFT_VERSION = 4.0;
				TARGETED_DEVICE_FAMILY = "1,2";
			};
			name = Debug;
		};
		F6E1D9B42057B64800AD5D5A /* Release */ = {
			isa = XCBuildConfiguration;
			baseConfigurationReference = 68FB98EAD0E22AD8AED6194B /* Pods-cryptism.release.xcconfig */;
			buildSettings = {
				ASSETCATALOG_COMPILER_APPICON_NAME = AppIcon;
				CODE_SIGN_STYLE = Automatic;
				DEVELOPMENT_TEAM = KJXB25M5N5;
				INFOPLIST_FILE = cryptism/Info.plist;
				LD_RUNPATH_SEARCH_PATHS = "$(inherited) @executable_path/Frameworks";
				PRODUCT_BUNDLE_IDENTIFIER = nl.swiftline.cryptism;
				PRODUCT_NAME = "$(TARGET_NAME)";
				SWIFT_VERSION = 4.0;
				TARGETED_DEVICE_FAMILY = "1,2";
			};
			name = Release;
		};
		F6E1D9B62057B64800AD5D5A /* Debug */ = {
			isa = XCBuildConfiguration;
			baseConfigurationReference = BDA6AF918DAF9D5F4922AAA3 /* Pods-cryptismTests.debug.xcconfig */;
			buildSettings = {
				ALWAYS_EMBED_SWIFT_STANDARD_LIBRARIES = YES;
				BUNDLE_LOADER = "$(TEST_HOST)";
				CODE_SIGN_STYLE = Automatic;
				DEVELOPMENT_TEAM = KJXB25M5N5;
				INFOPLIST_FILE = cryptismTests/Info.plist;
				LD_RUNPATH_SEARCH_PATHS = "$(inherited) @executable_path/Frameworks @loader_path/Frameworks";
				PRODUCT_BUNDLE_IDENTIFIER = nl.swiftline.cryptismTests;
				PRODUCT_NAME = "$(TARGET_NAME)";
				SWIFT_VERSION = 4.0;
				TARGETED_DEVICE_FAMILY = "1,2";
				TEST_HOST = "$(BUILT_PRODUCTS_DIR)/cryptism.app/cryptism";
			};
			name = Debug;
		};
		F6E1D9B72057B64800AD5D5A /* Release */ = {
			isa = XCBuildConfiguration;
			baseConfigurationReference = 6D01E53BF70897FB6112B42D /* Pods-cryptismTests.release.xcconfig */;
			buildSettings = {
				ALWAYS_EMBED_SWIFT_STANDARD_LIBRARIES = YES;
				BUNDLE_LOADER = "$(TEST_HOST)";
				CODE_SIGN_STYLE = Automatic;
				DEVELOPMENT_TEAM = KJXB25M5N5;
				INFOPLIST_FILE = cryptismTests/Info.plist;
				LD_RUNPATH_SEARCH_PATHS = "$(inherited) @executable_path/Frameworks @loader_path/Frameworks";
				PRODUCT_BUNDLE_IDENTIFIER = nl.swiftline.cryptismTests;
				PRODUCT_NAME = "$(TARGET_NAME)";
				SWIFT_VERSION = 4.0;
				TARGETED_DEVICE_FAMILY = "1,2";
				TEST_HOST = "$(BUILT_PRODUCTS_DIR)/cryptism.app/cryptism";
			};
			name = Release;
		};
		F6E1D9B92057B64800AD5D5A /* Debug */ = {
			isa = XCBuildConfiguration;
			baseConfigurationReference = 60F4A72A773F96E3D38109DF /* Pods-cryptismUITests.debug.xcconfig */;
			buildSettings = {
				ALWAYS_EMBED_SWIFT_STANDARD_LIBRARIES = YES;
				CODE_SIGN_STYLE = Automatic;
				DEVELOPMENT_TEAM = KJXB25M5N5;
				INFOPLIST_FILE = cryptismUITests/Info.plist;
				LD_RUNPATH_SEARCH_PATHS = "$(inherited) @executable_path/Frameworks @loader_path/Frameworks";
				PRODUCT_BUNDLE_IDENTIFIER = nl.swiftline.cryptismUITests;
				PRODUCT_NAME = "$(TARGET_NAME)";
				SWIFT_VERSION = 4.0;
				TARGETED_DEVICE_FAMILY = "1,2";
				TEST_TARGET_NAME = cryptism;
			};
			name = Debug;
		};
		F6E1D9BA2057B64800AD5D5A /* Release */ = {
			isa = XCBuildConfiguration;
			baseConfigurationReference = 45DFE7F40288416B47B3E291 /* Pods-cryptismUITests.release.xcconfig */;
			buildSettings = {
				ALWAYS_EMBED_SWIFT_STANDARD_LIBRARIES = YES;
				CODE_SIGN_STYLE = Automatic;
				DEVELOPMENT_TEAM = KJXB25M5N5;
				INFOPLIST_FILE = cryptismUITests/Info.plist;
				LD_RUNPATH_SEARCH_PATHS = "$(inherited) @executable_path/Frameworks @loader_path/Frameworks";
				PRODUCT_BUNDLE_IDENTIFIER = nl.swiftline.cryptismUITests;
				PRODUCT_NAME = "$(TARGET_NAME)";
				SWIFT_VERSION = 4.0;
				TARGETED_DEVICE_FAMILY = "1,2";
				TEST_TARGET_NAME = cryptism;
			};
			name = Release;
		};
/* End XCBuildConfiguration section */

/* Begin XCConfigurationList section */
		F6E1D9802057B64700AD5D5A /* Build configuration list for PBXProject "cryptism" */ = {
			isa = XCConfigurationList;
			buildConfigurations = (
				F6E1D9B02057B64800AD5D5A /* Debug */,
				F6E1D9B12057B64800AD5D5A /* Release */,
			);
			defaultConfigurationIsVisible = 0;
			defaultConfigurationName = Release;
		};
		F6E1D9B22057B64800AD5D5A /* Build configuration list for PBXNativeTarget "cryptism" */ = {
			isa = XCConfigurationList;
			buildConfigurations = (
				F6E1D9B32057B64800AD5D5A /* Debug */,
				F6E1D9B42057B64800AD5D5A /* Release */,
			);
			defaultConfigurationIsVisible = 0;
			defaultConfigurationName = Release;
		};
		F6E1D9B52057B64800AD5D5A /* Build configuration list for PBXNativeTarget "cryptismTests" */ = {
			isa = XCConfigurationList;
			buildConfigurations = (
				F6E1D9B62057B64800AD5D5A /* Debug */,
				F6E1D9B72057B64800AD5D5A /* Release */,
			);
			defaultConfigurationIsVisible = 0;
			defaultConfigurationName = Release;
		};
		F6E1D9B82057B64800AD5D5A /* Build configuration list for PBXNativeTarget "cryptismUITests" */ = {
			isa = XCConfigurationList;
			buildConfigurations = (
				F6E1D9B92057B64800AD5D5A /* Debug */,
				F6E1D9BA2057B64800AD5D5A /* Release */,
			);
			defaultConfigurationIsVisible = 0;
			defaultConfigurationName = Release;
		};
/* End XCConfigurationList section */

/* Begin XCVersionGroup section */
		F6E1D98A2057B64800AD5D5A /* cryptism.xcdatamodeld */ = {
			isa = XCVersionGroup;
			children = (
				F6E1D98B2057B64800AD5D5A /* cryptism.xcdatamodel */,
			);
			currentVersion = F6E1D98B2057B64800AD5D5A /* cryptism.xcdatamodel */;
			path = cryptism.xcdatamodeld;
			sourceTree = "<group>";
			versionGroupType = wrapper.xcdatamodel;
		};
/* End XCVersionGroup section */
	};
	rootObject = F6E1D97D2057B64700AD5D5A /* Project object */;
}
